
Microsoft Visual Studio Solution File, Format Version 12.00
# Visual Studio Version 16
VisualStudioVersion = 16.0.30717.126
MinimumVisualStudioVersion = 10.0.40219.1
Project("{FAE04EC0-301F-11D3-BF4B-00C04F79EFBC}") = "CallOfDutyAPI", "CallOfDutyAPI\CallOfDutyAPI.csproj", "{D7E90C5A-A945-4190-823A-791BF1D03D15}"
EndProject
Global
	GlobalSection(SolutionConfigurationPlatforms) = preSolution
		Debug|Any CPU = Debug|Any CPU
		Release|Any CPU = Release|Any CPU
	EndGlobalSection
	GlobalSection(ProjectConfigurationPlatforms) = postSolution
		{D7E90C5A-A945-4190-823A-791BF1D03D15}.Debug|Any CPU.ActiveCfg = Debug|Any CPU
		{D7E90C5A-A945-4190-823A-791BF1D03D15}.Debug|Any CPU.Build.0 = Debug|Any CPU
		{D7E90C5A-A945-4190-823A-791BF1D03D15}.Release|Any CPU.ActiveCfg = Release|Any CPU
		{D7E90C5A-A945-4190-823A-791BF1D03D15}.Release|Any CPU.Build.0 = Release|Any CPU
	EndGlobalSection
	GlobalSection(SolutionProperties) = preSolution
		HideSolutionNode = FALSE
	EndGlobalSection
	GlobalSection(ExtensibilityGlobals) = postSolution
		SolutionGuid = {A7F73E5B-E41B-43AD-8088-DB9755D18F20}
	EndGlobalSection
EndGlobal
